{
  "name": "tanstack_start_ts",
  "lockfileVersion": 3,
  "requires": true,
  "packages": {
    "": {
      "name": "tanstack_start_ts",
      "dependencies": {
        "@fontsource/inter": "^5.3.0",
        "@hookform/resolvers": "^5.2.2",
        "@radix-ui/react-accordion": "^1.2.12",
        "@radix-ui/react-alert-dialog": "^1.1.15",
        "@radix-ui/react-aspect-ratio": "^1.1.8",
        "@radix-ui/react-avatar": "^1.1.11",
        "@radix-ui/react-checkbox": "^1.3.3",
        "@radix-ui/react-collapsible": "^1.1.12",
        "@radix-ui/react-context-menu": "^2.2.16",
        "@radix-ui/react-dialog": "^1.1.15",
        "@radix-ui/react-dropdown-menu": "^2.1.16",
        "@radix-ui/react-hover-card": "^1.1.15",
        "@radix-ui/react-label": "^2.1.8",
        "@radix-ui/react-menubar": "^1.1.16",
        "@radix-ui/react-navigation-menu": "^1.2.14",
        "@radix-ui/react-popover": "^1.1.15",
        "@radix-ui/react-progress": "^1.1.8",
        "@radix-ui/react-radio-group": "^1.3.8",
        "@radix-ui/react-scroll-area": "^1.2.10",
        "@radix-ui/react-select": "^2.2.6",
        "@radix-ui/react-separator": "^1.1.8",
        "@radix-ui/react-slider": "^1.3.6",
        "@radix-ui/react-slot": "^1.2.4",
        "@radix-ui/react-switch": "^1.2.6",
        "@radix-ui/react-tabs": "^1.1.13",
        "@radix-ui/react-toggle": "^1.1.10",
        "@radix-ui/react-toggle-group": "^1.1.11",
        "@radix-ui/react-tooltip": "^1.2.8",
        "@shikijs/rehype": "^4.3.1",
        "@supabase/supabase-js": "^2.108.0",
        "@tailwindcss/vite": "^4.2.1",
        "@tanstack/react-query": "^5.83.0",
        "@tanstack/react-router": "^1.168.25",
        "@tanstack/react-start": "^1.167.50",
        "@tanstack/router-plugin": "^1.167.28",
        "@tanstack/zod-adapter": "^1.167.0",
        "aws4fetch": "^1.0.20",
        "class-variance-authority": "^0.7.1",
        "clsx": "^2.1.1",
        "cmdk": "^1.1.1",
        "date-fns": "^4.1.0",
        "drizzle-orm": "^0.45.2",
        "embla-carousel-react": "^8.6.0",
        "input-otp": "^1.4.2",
        "lucide-react": "^0.575.0",
        "medium-zoom": "^1.1.0",
        "nodemailer": "^8.0.11",
        "postgres": "^3.4.9",
        "qrcode.react": "^4.2.0",
        "react": "^19.2.0",
        "react-day-picker": "^9.14.0",
        "react-dom": "^19.2.0",
        "react-hook-form": "^7.71.2",
        "react-resizable-panels": "^4.6.5",
        "recharts": "^2.15.4",
        "rehype-sanitize": "^6.0.0",
        "rehype-stringify": "^10.0.1",
        "remark-gfm": "^4.0.1",
        "remark-parse": "^11.0.0",
        "remark-rehype": "^11.1.2",
        "shiki": "^4.3.1",
        "sonner": "^2.0.7",
        "tailwind-merge": "^3.5.0",
        "tailwindcss": "^4.2.1",
        "tw-animate-css": "^1.3.4",
        "unified": "^11.0.5",
        "vaul": "^1.1.2",
        "vite-tsconfig-paths": "^6.0.2",
        "zod": "^3.24.2"
      },
      "devDependencies": {
        "@eslint/js": "^9.32.0",
        "@lovable.dev/vite-tanstack-config": "^2.3.2",
        "@types/node": "^22.16.5",
        "@types/nodemailer": "^8.0.1",
        "@types/react": "^19.2.0",
        "@types/react-dom": "^19.2.0",
        "@vitejs/plugin-react": "^5.0.4",
        "eslint": "^9.32.0",
        "eslint-config-prettier": "^10.1.1",
        "eslint-plugin-prettier": "^5.2.6",
        "eslint-plugin-react-hooks": "^5.2.0",
        "eslint-plugin-react-refresh": "^0.4.20",
        "fast-xml-parser": "^5.10.1",
        "globals": "^15.15.0",
        "lighthouse": "^13.4.1",
        "nitro": "3.0.260603-beta",
        "pixelmatch": "^7.2.0",
        "playwright": "^1.62.1",
        "pngjs": "^7.0.0",
        "prettier": "^3.7.3",
        "sharp": "^0.35.3",
        "tsx": "^4.22.4",
        "typescript": "^5.8.3",
        "typescript-eslint": "^8.56.1",
        "vite": "^7.3.1"
      }
    },
    "node_modules/@alloc/quick-lru": {
      "version": "5.2.0",
      "resolved": "https://registry.npmjs.org/@alloc/quick-lru/-/quick-lru-5.2.0.tgz",
      "integrity": "sha512-UrcABB+4bUrFABwbluTIBErXwvbsU/V7TZWfmbgJfbkwiBuziS9gxdODUyuiecfdGQ85jglMW6juS3+z5TsKLw==",
      "dev": true,
      "license": "MIT",
      "engines": {
        "node": ">=10"
      },
      "funding": {
        "url": "https://github.com/sponsors/sindresorhus"
      }
    },
    "node_modules/@apm-js-collab/code-transformer": {
      "version": "0.18.1",
      "resolved": "https://registry.npmjs.org/@apm-js-collab/code-transformer/-/code-transformer-0.18.1.tgz",
      "integrity": "sha512-u1Hb6bHjWtkSpiprwVP6YaHC1DTN4RAU3zYkUDUe7WMnJwdyU1pwTL9dFKiSJB9IiLue/EQovmyx6xhU7FFtAQ==",
      "dev": true,
      "license": "Apache-2.0",
      "dependencies": {
        "@types/estree": "^1.0.8",
        "astring": "^1.9.0",
        "esquery": "^1.7.0",
        "meriyah": "^6.1.4",
        "semifies": "^1.0.0",
        "source-map": "^0.6.0"
      },
      "bin": {
        "code-transformer": "cli.js"
      }
    },
    "node_modules/@apm-js-collab/code-transformer-bundler-plugins": {
      "version": "0.7.3",
      "resolved": "https://registry.npmjs.org/@apm-js-collab/code-transformer-bundler-plugins/-/code-transformer-bundler-plugins-0.7.3.tgz",
      "integrity": "sha512-qNbPwuMZ8f5ZuGj/ttPeB7a6C/S1bB6tNYaEL5vNiRKydSAxa4AU0gxCWgaP4fVju+AuwhcumSFjrEcGF9Dv7Q==",
      "dev": true,
      "license": "MIT",
      "dependencies": {
        "@apm-js-collab/code-transformer": "^0.18.0",
        "es-module-lexer": "^2.1.0",
        "magic-string": "^0.30.21",
        "module-details-from-path": "^1.0.4"
      },
      "engines": {
        "node": ">=18.0.0"
      }
    },
    "node_modules/@apm-js-collab/code-transformer/node_modules/source-map": {
      "version": "0.6.1",
      "resolved": "https://registry.npmjs.org/source-map/-/source-map-0.6.1.tgz",
      "integrity": "sha512-UjgapumWlbMhkBgzT7Ykc5YXUT46F0iKu8SGXq0bcwP5dz/h0Plj6enJqjz1Zbq2l5WaqYnrVbwWOWMyF3F47g==",
      "dev": true,
      "license": "BSD-3-Clause",
      "engines": {
        "node": ">=0.10.0"
      }
    },
    "node_modules/@apm-js-collab/tracing-hooks": {
      "version": "0.13.0",
      "resolved": "https://registry.npmjs.org/@apm-js-collab/tracing-hooks/-/tracing-hooks-0.13.0.tgz",
      "integrity": "sha512-mTvWz9rnQwx1U3h0XPTHaX7bgfkpipLLTQyjlC2cdhQpQEuoLT0AGzoydeoq2NxfEVv6fWOOETcSbb2nptleyw==",
      "dev": true,
      "license": "Apache-2.0",
      "dependencies": {
        "@apm-js-collab/code-transformer": "^0.18.0",
        "debug": "^4.4.1",
        "module-details-from-path": "^1.0.4"
      }
    },
    "node_modules/@babel/code-frame": {
      "version": "7.29.7",
      "resolved": "https://registry.npmjs.org/@babel/code-frame/-/code-frame-7.29.7.tgz",
      "integrity": "sha512-Aup7aUOfpbAUg2ROOJN6Iw5f9DMBlzu0mIkm/malLQFN/YQgO48wCj0Kxa3sEHJvPVFg7siR+qRInwXd2qhQKw==",
      "license": "MIT",
      "dependencies": {
        "@babel/helper-validator-identifier": "^7.29.7",
        "js-tokens": "^4.0.0",
        "picocolors": "^1.1.1"
      },
      "engines": {
        "node": ">=6.9.0"
      }
    },
    "node_modules/@babel/compat-data": {
      "version": "7.29.7",
      "resolved": "https://registry.npmjs.org/@babel/compat-data/-/compat-data-7.29.7.tgz",
      "integrity": "sha512-locTkQyKvwIEgBzVrn8693ebc97F2U8ZHjbXwDXJ5Fn2TCpNwTlKcaKLkdHop5c/icOFE7qt7Q9JC5hnKNa6Gg==",
      "license": "MIT",
      "engines": {
        "node": ">=6.9.0"
      }
    },
    "node_modules/@babel/core": {
      "version": "7.29.7",
      "resolved": "https://registry.npmjs.org/@babel/core/-/core-7.29.7.tgz",
      "integrity": "sha512-RgHBCvtjbOK2gXSNBNIkNoEc9qoVEtau3hj8gEqKQuL3HZAibKarWFEI3Lfm6EYKkLalOh8eSrj9b+ch9H/VBA==",
      "license": "MIT",
      "dependencies": {
        "@babel/code-frame": "^7.29.7",
        "@babel/generator": "^7.29.7",
        "@babel/helper-compilation-targets": "^7.29.7",
        "@babel/helper-module-transforms": "^7.29.7",
        "@babel/helpers": "^7.29.7",
        "@babel/parser": "^7.29.7",
        "@babel/template": "^7.29.7",
        "@babel/traverse": "^7.29.7",
        "@babel/types": "^7.29.7",
        "@jridgewell/remapping": "^2.3.5",
        "convert-source-map": "^2.0.0",
        "debug": "^4.1.0",
        "gensync": "^1.0.0-beta.2",
        "json5": "^2.2.3",
        "semver": "^6.3.1"
      },
      "engines": {
        "node": ">=6.9.0"
      },
      "funding": {
        "type": "opencollective",
        "url": "https://opencollective.com/babel"
      }
    },
    "node_modules/@babel/generator": {
      "version": "7.29.7",
      "resolved": "https://registry.npmjs.org/@babel/generator/-/generator-7.29.7.tgz",
      "integrity": "sha512-DkXD5OJQaAQIdZ1bt3UZdEnHAn9Imd3IVBdX03UFe+ony9Ojw5pzr9YVKGDY1jt+Gcn/FnGkNf8r+Vj5NOJWtQ==",
      "license": "MIT",
      "dependencies": {
        "@babel/parser": "^7.29.7",
        "@babel/types": "^7.29.7",
        "@jridgewell/gen-mapping": "^0.3.12",
        "@jridgewell/trace-mapping": "^0.3.28",
        "jsesc": "^3.0.2"
      },
      "engines": {
        "node": ">=6.9.0"
      }
    },
    "node_modules/@babel/helper-compilation-targets": {
      "version": "7.29.7",
      "resolved": "https://registry.npmjs.org/@babel/helper-compilation-targets/-/helper-compilation-targets-7.29.7.tgz",
      "integrity": "sha512-wem6WaBj4NaVYVdNhLPPVacES6ZJ+KBBfSkTMD3YZxbP3rm3Di85tJU5ljaUNhaOynt+Aj0xruhYuzQBt8n71g==",
      "license": "MIT",
      "dependencies": {
        "@babel/compat-data": "^7.29.7",
        "@babel/helper-validator-option": "^7.29.7",
        "browserslist": "^4.24.0",
        "lru-cache": "^5.1.1",
        "semver": "^6.3.1"
      },
      "engines": {
        "node": ">=6.9.0"
      }
    },
    "node_modules/@babel/helper-globals": {
      "version": "7.29.7",
      "resolved": "https://registry.npmjs.org/@babel/helper-globals/-/helper-globals-7.29.7.tgz",
      "integrity": "sha512-3nQVUAtvkKH9zahfWgw96Jc/uFOmjACE1kQz82E2lqWmHBgjzbNlsC22nuQTfahmWeQtTq5nQ/4Nnd2A1wj4zA==",
      "license": "MIT",
      "engines": {
        "node": ">=6.9.0"
      }
    },
    "node_modules/@babel/helper-module-imports": {
      "version": "7.29.7",
      "resolved": "https://registry.npmjs.org/@babel/helper-module-imports/-/helper-module-imports-7.29.7.tgz",
      "integrity": "sha512-ejHwrQQYcm9xnTivShn2IDOlIzInN34AXskvq9QicvCtEzq1Vzclu/tKF8Jq1Cg8JG2GL6/EmjgsCT7lXepE3g==",
      "license": "MIT",
      "dependencies": {
        "@babel/traverse": "^7.29.7",
        "@babel/types": "^7.29.7"
      },
      "engines": {
        "node": ">=6.9.0"
      }
    },
    "node_modules/@babel/helper-module-transforms": {
      "version": "7.29.7",
      "resolved": "https://registry.npmjs.org/@babel/helper-module-transforms/-/helper-module-transforms-7.29.7.tgz",
      "integrity": "sha512-UPUVSyXbOh627KiCIGQSgwWzGeBKLkaJ9PJEdrngIwMSzxLR4jS4+f1f1jb7VzBbg8nFLaYotvVPFCTqdrmTAg==",
      "license": "MIT",
      "dependencies": {
        "@babel/helper-module-imports": "^7.29.7",
        "@babel/helper-validator-identifier": "^7.29.7",
        "@babel/traverse": "^7.29.7"
      },
      "engines": {
        "node": ">=6.9.0"
      },
      "peerDependencies": {
        "@babel/core": "^7.0.0"
      }
    },
    "node_modules/@babel/helper-plugin-utils": {
      "version": "7.29.7",
      "resolved": "https://registry.npmjs.org/@babel/helper-plugin-utils/-/helper-plugin-utils-7.29.7.tgz",
      "integrity": "sha512-G7sHYigPY17oO5SYWnfD/0MTBwVR781S/JI643e/JhUYgVgWE/61SoW3NH9KWUKyKq5LVh3npif99Wkt6j86Jw==",
      "dev": true,
      "license": "MIT",
      "engines": {
        "node": ">=6.9.0"
      }
    },
    "node_modules/@babel/helper-string-parser": {
      "version": "7.29.7",
      "resolved": "https://registry.npmjs.org/@babel/helper-string-parser/-/helper-string-parser-7.29.7.tgz",
      "integrity": "sha512-Pb5ijPrZ89GDH8223L4UP8i6QApWxs04RbPQJTeWDV0/keR2E36MeKnyr6LYmUUvqRRI+Iv87SuF1W6ErINzYw==",
      "license": "MIT",
      "engines": {
        "node": ">=6.9.0"
      }
    },
    "node_modules/@babel/helper-validator-identifier": {
      "version": "7.29.7",
      "resolved": "https://registry.npmjs.org/@babel/helper-validator-identifier/-/helper-validator-identifier-7.29.7.tgz",
      "integrity": "sha512-qehxGkRj55h/ff8EMaJ+cYhyaKlHIxqYDn682wQD7RNp9UujOQsHog2uS0r2vzr4pW+sXf90NeeayjcNaX3fFg==",
      "license": "MIT",
      "engines": {
        "node": ">=6.9.0"
      }
    },
    "node_modules/@babel/helper-validator-option": {
      "version": "7.29.7",
      "resolved": "https://registry.npmjs.org/@babel/helper-validator-option/-/helper-validator-option-7.29.7.tgz",
      "integrity": "sha512-N9ZErrD+yW5geCDtBqnOoxmR8+tNKiGuxKlDpuJxfsqpa2dFcexaziGAE/qoHLiDDreVNMupxGmSoNlyvsA3gw==",
      "license": "MIT",
      "engines": {
        "node": ">=6.9.0"
      }
    },
    "node_modules/@babel/helpers": {
      "version": "7.29.7",
      "resolved": "https://registry.npmjs.org/@babel/helpers/-/helpers-7.29.7.tgz",
      "integrity": "sha512-1k2lAGRMfHTcwuNYcCNUmaUffmQv8KWMfh2iJUUeRlwlwH4FdNG7mfPI10NPfLHJFThE4Tyr4mv7kTNZOiPuBg==",
      "license": "MIT",
      "dependencies": {
        "@babel/template": "^7.29.7",
        "@babel/types": "^7.29.7"
      },
      "engines": {
        "node": ">=6.9.0"
      }
    },
    "node_modules/@babel/parser": {
      "version": "7.29.7",
      "resolved": "https://registry.npmjs.org/@babel/parser/-/parser-7.29.7.tgz",
      "integrity": "sha512-hnORnjP/1P/zFEndoeX+n+t1RwWRJiJpM/jO7FW32Kn9r5+sJB2JWOdYo4L6k78j15eCwY3Gm/7364B1EMwtNg==",
      "license": "MIT",
      "dependencies": {
        "@babel/types": "^7.29.7"
      },
      "bin": {
        "parser": "bin/babel-parser.js"
      },
      "engines": {
        "node": ">=6.0.0"
      }
    },
    "node_modules/@babel/plugin-transform-react-jsx-self": {
      "version": "7.29.7",
      "resolved": "https://registry.npmjs.org/@babel/plugin-transform-react-jsx-self/-/plugin-transform-react-jsx-self-7.29.7.tgz",
      "integrity": "sha512-TL0hMc9xzy86VD31nUiwzd5otRAcyEPcsegCxolO0PvcXuH1v0kECe/UIznYFihpkvU5wg/jk4v0TTEFfm53fw==",
      "dev": true,
      "license": "MIT",
      "dependencies": {
        "@babel/helper-plugin-utils": "^7.29.7"
      },
      "engines": {
        "node": ">=6.9.0"
      },
      "peerDependencies": {
        "@babel/core": "^7.0.0-0"
      }
    },
    "node_modules/@babel/plugin-transform-react-jsx-source": {
      "version": "7.29.7",
      "resolved": "https://registry.npmjs.org/@babel/plugin-transform-react-jsx-source/-/plugin-transform-react-jsx-source-7.29.7.tgz",
      "integrity": "sha512-06IyK09×yïËh‘éì¶»§q«^vˆÃBˆ™\œÚ[ÛˆŽˆŒŒËÈ‹Bˆœ™\ÛÛ™YŽˆšÎ‹ËÜ™YÚ\ÝžK›œZœË›Ü™ËÐ\ØZ[Û[^^ËKÛ[^^LŒËËÞˆ‹Bˆš[YÜš]HŽˆœÚMLL‹Zž››PQ
ÓÛ\Ö^ÌQQLÌØØÐJÒ\ZPÔœMØÔYSR›L™ØŒJÓÞUÐšÓPÜ–QÐ’ŠÜÞž™L–’‘U™YT“LšQRV”ÞOOH‹Bˆ˜ÜHŽˆÃBˆžƒBˆKBˆ›XÙ[œÙHŽˆ“RU‹Bˆ›Ü[Û˜[ŽˆYKBˆ›ÜÈŽˆÃBˆ›[^ƒBˆKBˆ™[™Ú[™\ÈŽˆÃBˆ››ÙHŽˆLNƒBˆCBˆKBˆ››ÙWÛ[Ù[\ËÝš]KÛ›ÙWÛ[Ù[\ËÐ\ØZ[Û™]œÙX\›MŽˆÃBˆ™\œÚ[ÛˆŽˆŒŒËÈ‹Bˆœ™\ÛÛ™YŽˆšÎ‹ËÜ™YÚ\ÝžK›œZœË›Ü™ËÐ\ØZ[Û™]œÙX\›MËKÛ™]œÙX\›MLŒËËÞˆ‹Bˆš[YÜš]HŽˆœÚMLL‹Xœ]”YYÖÖž[ŒU\^‘Z\ÝØRQ™“X›\›MØÑQ›ËÊÌÛžÕÓÜšÔ›œÖR[ÜÒ’–\ÒSÎVÔTÊÖ]MÏOH‹Bˆ˜ÜHŽˆÃBˆ˜\›MƒBˆKBˆ›XÙ[œÙHŽˆ“RU‹Bˆ›Ü[Û˜[ŽˆYKBˆ›ÜÈŽˆÃBˆ›™]œÙƒBˆKBˆ™[™Ú[™\ÈŽˆÃBˆ››ÙHŽˆLNƒBˆCBˆKBˆ››ÙWÛ[Ù[\ËÝš]KÛ›ÙWÛ[Ù[\ËÐ\ØZ[Û™]œÙ^ŽˆÃBˆ™\œÚ[ÛˆŽˆŒŒËÈ‹Bˆœ™\ÛÛ™YŽˆšÎ‹ËÜ™YÚ\ÝžK›œZœË›Ü™ËÐ\ØZ[Û™]œÙ^ËKÛ™]œÙ^LŒËËÞˆ‹Bˆš[YÜš]HŽˆœÚMLL‹SÙ˜]ÓÚœ•JÕÓQQ][ÔZJÌ^ÛÊËÍ‘”Þ’’›UÚU]ÍYU˜ÚXØžRÌÙMQYU‹ÔR]^M‘ÛÑØ‘œ•ZRVYÙÜÏOH‹Bˆ˜ÜHŽˆÃBˆžƒBˆKBˆ›XÙ[œÙHŽˆ“RU‹Bˆ›Ü[Û˜[ŽˆYKBˆ›ÜÈŽˆÃBˆ›™]œÙƒBˆKBˆ™[™Ú[™\ÈŽˆÃBˆ››ÙHŽˆLNƒBˆCBˆKBˆ››ÙWÛ[Ù[\ËÝš]KÛ›ÙWÛ[Ù[\ËÐ\ØZ[ÛÜ[˜œÙX\›MŽˆÃBˆ™\œÚ[ÛˆŽˆŒŒËÈ‹Bˆœ™\ÛÛ™YŽˆšÎ‹ËÜ™YÚ\ÝžK›œZœË›Ü™ËÐ\ØZ[ÛÜ[˜œÙX\›MËKÛÜ[˜œÙX\›MLŒËËÞˆ‹Bˆš[YÜš]HŽˆœÚMLL‹PQ[Ú“TU^ÍQ›ÎY˜Ü[ÔUÑRV”˜“ØÌU•˜Ñ”ÙÐÖY”ÙÌT–ÐŒÝ“Û‹ÚÜ”’S•PŒ™‘Úž[›Rœ•LÍÐOOH‹Bˆ˜ÜHŽˆÃBˆ˜\›MƒBˆKBˆ›XÙ[œÙHŽˆ“RU‹Bˆ›Ü[Û˜[ŽˆYKBˆ›ÜÈŽˆÃBˆ›Ü[˜œÙƒBˆKBˆ™[™Ú[™\ÈŽˆÃBˆ››ÙHŽˆLNƒBˆCBˆKBˆ››ÙWÛ[Ù[\ËÝš]KÛ›ÙWÛ[Ù[\ËÐ\ØZ[ÛÜ[˜œÙ^ŽˆÃBˆ™\œÚ[ÛˆŽˆŒŒËÈ‹Bˆœ™\ÛÛ™YŽˆšÎ‹ËÜ™YÚ\ÝžK›œZœË›Ü™ËÐ\ØZ[ÛÜ[˜œÙ^ËKÛÜ[˜œÙ^LŒËËÞˆ‹Bˆš[YÜš]HŽˆœÚMLL‹JÐLS’›Y“NÓ‘PÓ”VRTÚT›KÍÒM•ÓV”™ÌXžLQÝÔTTÕÌQÓURÚZTQÕ^‘ST“KÛQÌMÝÒYÏOH‹Bˆ˜ÜHŽˆÃBˆžƒBˆKBˆ›XÙ[œÙHŽˆ“RU‹Bˆ›Ü[Û˜[ŽˆYKBˆ›ÜÈŽˆÃBˆ›Ü[˜œÙƒBˆKBˆ™[™Ú[™\ÈŽˆÃBˆ››ÙHŽˆLNƒBˆCBˆKBˆ››ÙWÛ[Ù[\ËÝš]KÛ›ÙWÛ[Ù[\ËÐ\ØZ[ÛÜ[š\›[ÛžKX\›MŽˆÃBˆ™\œÚ[ÛˆŽˆŒŒËÈ‹Bˆœ™\ÛÛ™YŽˆšÎ‹ËÜ™YÚ\ÝžK›œZœË›Ü™ËÐ\ØZ[ÛÜ[š\›[ÛžKX\›MËKÛÜ[š\›[ÛžKX\›MLŒËËÞˆ‹Bˆš[YÜš]HŽˆœÚMLL‹JÒÜ–X‹ÐÎNPÕKÙÌÔÌ”ÍÒQØÍRŒ”˜ÌÙXÍU’žÔÑŒ^S“^SMÑÝRÝTVÜ‘˜š]UÍKÙÚÒ]ÏOH‹Bˆ˜ÜHŽˆÃBˆ˜\›MƒBˆKBˆ›XÙ[œÙHŽˆ“RU‹Bˆ›Ü[Û˜[ŽˆYKBˆ›ÜÈŽˆÃBˆ›Ü[š\›[ÛžHƒBˆKBˆ™[™Ú[™\ÈŽˆÃBˆ››ÙHŽˆLNƒBˆCBˆKBˆ››ÙWÛ[Ù[\ËÝš]KÛ›ÙWÛ[Ù[\ËÐ\ØZ[ÜÝ[›ÜË^ŽˆÃBˆ™\œÚ[ÛˆŽˆŒŒËÈ‹Bˆœ™\ÛÛ™YŽˆšÎ‹ËÜ™YÚ\ÝžK›œZœË›Ü™ËÐ\ØZ[ÜÝ[›ÜË^ËKÜÝ[›ÜË^LŒËËÞˆ‹Bˆš[YÜš]HŽˆœÚMLL‹ZZÚÝZž”SÔQSÓNNJÍ[SÖV™UTÕLš]‘ÝÚ™[Ü^š“Øš›“ÓYšTÜÍÕMKÐÛT]Ð]˜ÖRØ[POOH‹Bˆ˜ÜHŽˆÃBˆžƒBˆKBˆ›XÙ[œÙHŽˆ“RU‹Bˆ›Ü[Û˜[ŽˆYKBˆ›ÜÈŽˆÃBˆœÝ[›ÜÈƒBˆKBˆ™[™Ú[™\ÈŽˆÃBˆ››ÙHŽˆLNƒBˆCBˆKBˆ››ÙWÛ[Ù[\ËÝš]KÛ›ÙWÛ[Ù[\ËÐ\ØZ[ÝÚ[ŒÌ‹X\›MŽˆÃBˆ™\œÚ[ÛˆŽˆŒŒËÈ‹Bˆœ™\ÛÛ™YŽˆšÎ‹ËÜ™YÚ\ÝžK›œZœË›Ü™ËÐ\ØZ[ÝÚ[ŒÌ‹X\›MËKÝÚ[ŒÌ‹X\›MLŒËËÞˆ‹Bˆš[YÜš]HŽˆœÚMLL‹MÞTš’”TÜ•UÔLŒQØš•ÍZÒS]ÕU^•ŠÐPMšÚT™MVÜYÝÓÒÌÜÑœ’S™‘U’ÙÞTÊÛ™ÌMÐÐOOH‹Bˆ˜ÜHŽˆÃBˆ˜\›MƒBˆKBˆ›XÙ[œÙHŽˆ“RU‹Bˆ›Ü[Û˜[ŽˆYKBˆ›ÜÈŽˆÃBˆÚ[ŒÌˆƒBˆKBˆ™[™Ú[™\ÈŽˆÃBˆ››ÙHŽˆLNƒBˆCBˆKBˆ››ÙWÛ[Ù[\ËÝš]KÛ›ÙWÛ[Ù[\ËÐ\ØZ[ÝÚ[ŒÌ‹ZXLÌˆŽˆÃBˆ™\œÚ[ÛˆŽˆŒŒËÈ‹Bˆœ™\ÛÛ™YŽˆšÎ‹ËÜ™YÚ\ÝžK›œZœË›Ü™ËÐ\ØZ[ÝÚ[ŒÌ‹ZXLÌ‹ËKÝÚ[ŒÌ‹ZXLÌ‹LŒËËÞˆ‹Bˆš[YÜš]HŽˆœÚMLL‹TÛ]ÒÖM•’^V–X“œšÛÐÒ”‹ÖŒ]ÚÞ›YÕ‘–SÙœP^ŒÐ’‘XSQ^NÝŒÐSÌÖš‘ÓÚLYÕžV\[ÕPÑšÏOH‹Bˆ˜ÜHŽˆÃBˆšXLÌˆƒBˆKBˆ›XÙ[œÙHŽˆ“RU‹Bˆ›Ü[Û˜[ŽˆYKBˆ›ÜÈŽˆÃBˆÚ[ŒÌˆƒBˆKBˆ™[™Ú[™\ÈŽˆÃBˆ››ÙHŽˆLNƒBˆCBˆKBˆ››ÙWÛ[Ù[\ËÝš]KÛ›ÙWÛ[Ù[\ËÐ\ØZ[ÝÚ[ŒÌ‹^ŽˆÃBˆ™\œÚ[ÛˆŽˆŒŒËÈ‹Bˆœ™\ÛÛ™YŽˆšÎ‹ËÜ™YÚ\ÝžK›œZœË›Ü™ËÐ\ØZ[ÝÚ[ŒÌ‹^ËKÝÚ[ŒÌ‹^LŒËËÞˆ‹Bˆš[YÜš]HŽˆœÚMLL‹MMšPR”ÔLTJÌŒQ•‘ÕŽÔÑ^–•ÕT‘“UÌÍLÝ•™”SŽSÔÑÒ‹ÛÕUTŽZ\TÕ\RÏOH‹Bˆ˜ÜHŽˆÃBˆžƒBˆKBˆ›XÙ[œÙHŽˆ“RU‹Bˆ›Ü[Û˜[ŽˆYKBˆ›ÜÈŽˆÃBˆÚ[ŒÌˆƒBˆKBˆ™[™Ú[™\ÈŽˆÃBˆ››ÙHŽˆLNƒBˆCBˆKBˆ››ÙWÛ[Ù[\ËÝš]KÛ›ÙWÛ[Ù[\ËÙ\ØZ[ŽˆÃBˆ™\œÚ[ÛˆŽˆŒŒËÈ‹Bˆœ™\ÛÛ™YŽˆšÎ‹ËÜ™YÚ\ÝžK›œZœË›Ü™ËÙ\ØZ[ËKÙ\ØZ[LŒËËÞˆ‹Bˆš[YÜš]HŽˆœÚMLL‹R^X•žU››\’T[ÍX\SœÙÛÐPÐKÙÓRZ’ÞÞTÌ]P[U™XÜÚÎ]S[Û’UÔÌM›•Þ’SÝÏOH‹Bˆš\Ò[œÝ[ØÜš\ŽˆYKBˆ›XÙ[œÙHŽˆ“RU‹Bˆ˜š[ˆŽˆÃBˆ™\ØZ[Žˆ˜š[‹Ù\ØZ[ƒBˆKBˆ™[™Ú[™\ÈŽˆÃBˆ››ÙHŽˆLNƒBˆKBˆ›Ü[Û˜[\[™[˜ÚY\ÈŽˆÃBˆ\ØZ[ØZ^\ÍŽˆŒŒËÈ‹Bˆ\ØZ[Ø[™›ÚYX\›HŽˆŒŒËÈ‹Bˆ\ØZ[Ø[™›ÚYX\›MŽˆŒŒËÈ‹Bˆ\ØZ[Ø[™›ÚY^ŽˆŒŒËÈ‹Bˆ\ØZ[Ù\Ú[‹X\›MŽˆŒŒËÈ‹Bˆ\ØZ[Ù\Ú[‹^ŽˆŒŒËÈ‹Bˆ\ØZ[Ùœ™YXœÙX\›MŽˆŒŒËÈ‹Bˆ\ØZ[Ùœ™YXœÙ^ŽˆŒŒËÈ‹Bˆ\ØZ[Û[^X\›HŽˆŒŒËÈ‹Bˆ\ØZ[Û[^X\›MŽˆŒŒËÈ‹Bˆ\ØZ[Û[^ZXLÌˆŽˆŒŒËÈ‹Bˆ\ØZ[Û[^[ÛÛ™ÍŽˆŒŒËÈ‹Bˆ\ØZ[Û[^[Z\Í[ŽˆŒŒËÈ‹Bˆ\ØZ[Û[^\ÍŽˆŒŒËÈ‹Bˆ\ØZ[Û[^\š\ØÝŽˆŒŒËÈ‹Bˆ\ØZ[Û[^\ÌÎLŽˆŒŒËÈ‹Bˆ\ØZ[Û[^^ŽˆŒŒËÈ‹Bˆ\ØZ[Û™]œÙX\›MŽˆŒŒËÈ‹Bˆ\ØZ[Û™]œÙ^ŽˆŒŒËÈ‹Bˆ\ØZ[ÛÜ[˜œÙX\›MŽˆŒŒËÈ‹Bˆ\ØZ[ÛÜ[˜œÙ^ŽˆŒŒËÈ‹Bˆ\ØZ[ÛÜ[š\›[ÛžKX\›MŽˆŒŒËÈ‹Bˆ\ØZ[ÜÝ[›ÜË^ŽˆŒŒËÈ‹Bˆ\ØZ[ÝÚ[ŒÌ‹X\›MŽˆŒŒËÈ‹Bˆ\ØZ[ÝÚ[ŒÌ‹ZXLÌˆŽˆŒŒËÈ‹Bˆ\ØZ[ÝÚ[ŒÌ‹^ŽˆŒŒËÈƒBˆCBˆKBˆ››ÙWÛ[Ù[\ËÝš]YHŽˆÃBˆ™\œÚ[ÛˆŽˆŒKŒKŒÈ‹Bˆœ™\ÛÛ™YŽˆšÎ‹ËÜ™YÚ\ÝžK›œZœË›Ü™ËÝš]YKËKÝš]YKLKŒKŒËÞˆ‹Bˆš[YÜš]HŽˆœÚMLL‹]XÚÒÖRÓ˜šZœ\‘ÖUÝÝ›ÖYLÒQÛKÓ›ÜœÒ˜ÒÛÓÙ”’X››MÜŒ\ÝXTT–[QX‘œQÒÔÞ–ÔÙÏOH‹Bˆ›XÙ[œÙHŽˆ“RU‹BˆÛÜšÜÜXÙ\ÈŽˆÃBˆ\ÝËÙ\ËÊˆ‹Bˆ\ÝËÜ›Ú™XÝËÊˆ‹Bˆ\ÝËÜ›Ú™XÝËÝÛÜšÜÜXÙKÜXÚØYÙ\ËÊˆƒBˆKBˆœY\‘\[™[˜ÚY\ÈŽˆÃBˆš]HŽˆ—ŒËŒŒŒŒKŒŒ‹ŒŒËŒŒŽŒŒƒBˆKBˆœY\‘\[™[˜ÚY\ÓY]HŽˆÃBˆš]HŽˆÃBˆ›Ü[Û˜[ŽˆYCBˆCBˆCBˆKBˆ››ÙWÛ[Ù[\ËÝÙX‹Y™X]\™\ÈŽˆÃBˆ™\œÚ[ÛˆŽˆŒËŒÍŒˆ‹Bˆœ™\ÛÛ™YŽˆšÎ‹ËÜ™YÚ\ÝžK›œZœË›Ü™ËÝÙX‹Y™X]\™\ËËKÝÙX‹Y™X]\™\ËLËŒÍŒ‹Þˆ‹Bˆš[YÜš]HŽˆœÚMLL‹LKÜ“ÛÒU™ÑRÕPÒŒY^•Þ‘Nš‹Õ’PÑž“Q]TÕQ^ÙŒRY–^R‘•Ó˜UZÍÝ[TÚR\ÏOH‹Bˆ™]ˆŽˆYKBˆ›XÙ[œÙHŽˆ\XÚKL‹ŒƒBˆKBˆ››ÙWÛ[Ù[\ËÝÙX™š]™\‹XšYK\›ÝØÛÛŽˆÃBˆ™\œÚ[ÛˆŽˆŒŒˆ‹Bˆœ™\ÛÛ™YŽˆšÎ‹ËÜ™YÚ\ÝžK›œZœË›Ü™ËÝÙX™š]™\‹XšYK\›ÝØÛÛËKÝÙX™š]™\‹XšYK\›ÝØÛÛLŒ‹Þˆ‹Bˆš[YÜš]HŽˆœÚMLL‹U”ÕŠÙž™Ú\“ÙMÚ˜^LžUPÍÐPÑÝUÑYËÓTÔÔX’ÊÜUØœYQÛ“”\ŒÖÕ]˜œ[UÖ’žÙ\ÙÍÙOOH‹Bˆ™]ˆŽˆYKBˆ›XÙ[œÙHŽˆ\XÚKL‹ŒƒBˆKBˆ››ÙWÛ[Ù[\ËÝÙXœXÚË]š\X[[[Ù[\ÈŽˆÃBˆ™\œÚ[ÛˆŽˆŒ‹Œˆ‹Bˆœ™\ÛÛ™YŽˆšÎ‹ËÜ™YÚ\ÝžK›œZœË›Ü™ËÝÙXœXÚË]š\X[[[Ù[\ËËKÝÙXœXÚË]š\X[[[Ù[\ËL‹Œ‹Þˆ‹Bˆš[YÜš]HŽˆœÚMLL‹M‹ÕŒšMZX[ÍL]”RÔRN“PXÐ•ÍNQ•œÊÜÍÙQÒ\^Y›ŒÍMÜ–’QJÑUŠÖ]œY•Z•™ÔÕS”ÕÌ™›UTOOH‹Bˆ›XÙ[œÙHŽˆ“RUƒBˆKBˆ››ÙWÛ[Ù[\ËÝÚ[‹Y^]ŽˆÃBˆ™\œÚ[ÛˆŽˆŒ‹ŒKH‹Bˆœ™\ÛÛ™YŽˆšÎ‹ËÜ™YÚ\ÝžK›œZœË›Ü™ËÝÚ[‹Y^]ËKÝÚ[‹Y^]L‹ŒKKÞˆ‹Bˆš[YÜš]HŽˆœÚMLL‹U‘ÚÒÒMÞ“\ÌY™ÔÞ]R[ÔPÜœÑ[”˜œÍ]ÓÑ\ÑSœØÐŒ˜›™›˜PNKÝ”œÍ]•TÑSÝ]]›KÓ^UœÝ”VÙÏOH‹Bˆ™]ˆŽˆYKBˆ›XÙ[œÙHŽˆ“RUƒBˆKBˆ››ÙWÛ[Ù[\ËÝÚXÚŽˆÃBˆ™\œÚ[ÛˆŽˆŒ‹ŒŒˆ‹Bˆœ™\ÛÛ™YŽˆšÎ‹ËÜ™YÚ\ÝžK›œZœË›Ü™ËÝÚXÚËKÝÚXÚL‹ŒŒ‹Þˆ‹Bˆš[YÜš]HŽˆœÚMLL‹P“LÕUÌÔ›ÌÞ\LÖMJØ]ÜÖ\ÑÐ–UÚÚÜS]˜–Ü“Q
ÞZÜšÌÝQQ’˜VVÚ‘UÍ[ÙØ\Ó“QRÓ“ZšXOOH‹Bˆ™]ˆŽˆYKBˆ›XÙ[œÙHŽˆ’TÐÈ‹Bˆ™\[™[˜ÚY\ÈŽˆÃBˆš\Ù^HŽˆ—Œ‹ŒŒƒBˆKBˆ˜š[ˆŽˆÃBˆ››ÙK]ÚXÚŽˆ˜š[‹Û›ÙK]ÚXÚƒBˆKBˆ™[™Ú[™\ÈŽˆÃBˆ››ÙHŽˆHƒBˆCBˆKBˆ››ÙWÛ[Ù[\ËÝÛÜ™]Ü˜\ŽˆÃBˆ™\œÚ[ÛˆŽˆŒKŒ‹H‹Bˆœ™\ÛÛ™YŽˆšÎ‹ËÜ™YÚ\ÝžK›œZœË›Ü™ËÝÛÜ™]Ü˜\ËKÝÛÜ™]Ü˜\LKŒ‹KÞˆ‹Bˆš[YÜš]HŽˆœÚMLL‹P“ŒŒYXSSRNUS]œ‘ÙYÍYPÖTÔ^L’––\ØU^–^‘“ØÚÔÍLÔÔQLÜÚÕ›ÕÜ˜ŒÐœ–XÑSØMMPXÐOOH‹Bˆ™]ˆŽˆYKBˆ›XÙ[œÙHŽˆ“RU‹Bˆ™[™Ú[™\ÈŽˆÃBˆ››ÙHŽˆLŒLŒƒBˆCBˆKBˆ››ÙWÛ[Ù[\ËÝÜ˜\X[œÚHŽˆÃBˆ™\œÚ[ÛˆŽˆËŒŒ‹Bˆœ™\ÛÛ™YŽˆšÎ‹ËÜ™YÚ\ÝžK›œZœË›Ü™ËÝÜ˜\X[œÚKËKÝÜ˜\X[œÚKMËŒŒÞˆ‹Bˆš[YÜš]HŽˆœÚMLL‹VU‘ÒZŒšØ[SÕÍ“œÖš›Ðž”ÝÜÛŒXÙ\ÛXÍ
ÔLŒXÍ^”VŒ\
Ó™ž™›S•“ÔM–ÖQÍU]]ÑšMÑM”OOH‹Bˆ™]ˆŽˆYKBˆ›XÙ[œÙHŽˆ“RU‹Bˆ™\[™[˜ÚY\ÈŽˆÃBˆ˜[œÚK\Ý[\ÈŽˆ—ŒŒ‹BˆœÝš[™Ë]ÚYŽˆ—ŒKŒ‹BˆœÝš\X[œÚHŽˆ—‹ŒŒƒBˆKBˆ™[™Ú[™\ÈŽˆÃBˆ››ÙHŽˆLLƒBˆKBˆ™[™[™ÈŽˆÃBˆ\›ŽˆšÎ‹ËÙÚ]X‹˜ÛÛKØÚ[ËÝÜ˜\X[œÚOÜÜÛœÛÜLHƒBˆCBˆKBˆ››ÙWÛ[Ù[\ËÝÜÈŽˆÃBˆ™\œÚ[ÛˆŽˆËKŒLÈ‹Bˆœ™\ÛÛ™YŽˆšÎ‹ËÜ™YÚ\ÝžK›œZœË›Ü™ËÝÜËËKÝÜËMËKŒLËÞˆ‹Bˆš[YÜš]HŽˆœÚMLL‹\œÒÒMž‘•™‹ÞPÚÒÌT‹Ö›ÞËÚ•XÛÕÝV“NKÖÝRVNPŒPÜÔÞ–]ÜÎV’˜‹Í˜˜MÙ•ÌÐ[ÐOOH‹Bˆ™]ˆŽˆYKBˆ›XÙ[œÙHŽˆ“RU‹Bˆ™[™Ú[™\ÈŽˆÃBˆ››ÙHŽˆNŒËŒƒBˆKBˆœY\‘\[™[˜ÚY\ÈŽˆÃBˆ˜Y™™\][Žˆ—ŒŒH‹Bˆ]‹N]˜[Y]HŽˆ—KŒŒˆƒBˆKBˆœY\‘\[™[˜ÚY\ÓY]HŽˆÃBˆ˜Y™™\][ŽˆÃBˆ›Ü[Û˜[ŽˆYCBˆKBˆ]‹N]˜[Y]HŽˆÃBˆ›Ü[Û˜[ŽˆYCBˆCBˆCBˆKBˆ››ÙWÛ[Ù[\ËÞËX˜\ÙY\ˆŽˆÃBˆ™\œÚ[ÛˆŽˆKŒKŒ‹Bˆœ™\ÛÛ™YŽˆšÎ‹ËÜ™YÚ\ÝžK›œZœË›Ü™ËÞËX˜\ÙY\‹ËKÞËX˜\ÙY\‹MKŒKŒÞˆ‹Bˆš[YÜš]HŽˆœÚMLL‹QÐÔRœ’RLÊØÌÝXXÝÝ”–ZŒ”Þ–MØU•^ÓÚÔžM–ÑŒŒRQÚ”ÑLJÕÌ]ÍÙÜ•Ô‘ÖÔ”žM›ÜTOOH‹Bˆ™]ˆŽˆYKBˆ›XÙ[œÙHŽˆ“RU‹Bˆ™[™Ú[™\ÈŽˆÃBˆ››ÙHŽˆLLˆƒBˆKBˆ™[™[™ÈŽˆÃBˆ\›ŽˆšÎ‹ËÙÚ]X‹˜ÛÛKÜÜÛœÛÜœËÜÚ[™™\ÛÜš\ÈƒBˆCBˆKBˆ››ÙWÛ[Ù[\ËÞ[[˜[Z[™ÈŽˆÃBˆ™\œÚ[ÛˆŽˆŒŒËŒ‹Bˆœ™\ÛÛ™YŽˆšÎ‹ËÜ™YÚ\ÝžK›œZœË›Ü™ËÞ[[˜[Z[™ËËKÞ[[˜[Z[™ËLŒËŒÞˆ‹Bˆš[YÜš]HŽˆœÚMLL‹YÚYÌ•‘KÒLXSÕ™ÛXZLÓZ[]šÐœ’’VZÛ’ÑÌL–Ù’\P’œØ™“^‘”Î]ÍÍÙÓŒŽXTUÝ’ÜU›Ô”OOH‹Bˆ™]ˆŽˆYKBˆ™[™[™ÈŽˆÃBˆÃBˆ\HŽˆ™Ú]Xˆ‹Bˆ\›ŽˆšÎ‹ËÙÚ]X‹˜ÛÛKÜÜÛœÛÜœËÓ˜]\˜[[[YÙ[˜ÙHƒBˆCBˆKBˆ›XÙ[œÙHŽˆ“RU‹Bˆ™[™Ú[™\ÈŽˆÃBˆ››ÙHŽˆLM‹ŒŒƒBˆCBˆKBˆ››ÙWÛ[Ù[\ËÞ[Z[\ŒˆŽˆÃBˆ™\œÚ[ÛˆŽˆŒŒÈ‹Bˆœ™\ÛÛ™YŽˆšÎ‹ËÜ™YÚ\ÝžK›œZœË›Ü™ËÞ[Z[\Œ‹ËKÞ[Z[\Œ‹MŒŒËÞˆ‹Bˆš[YÜš]HŽˆœÚMLL‹XžLTÕÝ“˜XQ[UÛšÙ”SÛÙœÌQÓ“Ü“\›ÝUŒÕ›™YÑÓÍÙÓZ‘LØUTÕÒ]ÐÞ•L][NÚTÚYÚPÐOOH‹Bˆ›XÙ[œÙHŽˆ“RU‹Bˆ™\[™[˜ÚY\ÈŽˆÃBˆÛÞ˜Ú]ZËÙÛHŽˆ—Œ‹ŒŒˆ‹BˆÛÞ˜Ú]ZËÚ[™œ˜HŽˆ—Œ‹ŒŒˆ‹BˆÛÞ˜Ú]ZËÝ][Žˆ—ŒLŒŒ‹BˆšœË^X[[Žˆ—ŒKŒHƒBˆKBˆ™[™Ú[™\ÈŽˆÃBˆ››ÙHŽˆLŒŒƒBˆCBˆKBˆ››ÙWÛ[Ù[\ËÞLNˆŽˆÃBˆ™\œÚ[ÛˆŽˆKŒŽ‹Bˆœ™\ÛÛ™YŽˆšÎ‹ËÜ™YÚ\ÝžK›œZœË›Ü™ËÞLN‹ËKÞLN‹MKŒŽÞˆ‹Bˆš[YÜš]HŽˆœÚMLL‹L‘ž™YÙQÒ’’P[U”‘Ò™\ÍÚ›Î]^^ZSÙ”ÊÌÛ‘ÒSœT\R”‹ÌS•TÍ‹ÊÍÔÐØŽNSÙOOH‹Bˆ™]ˆŽˆYKBˆ›XÙ[œÙHŽˆ’TÐÈ‹Bˆ™[™Ú[™\ÈŽˆÃBˆ››ÙHŽˆLLƒBˆCBˆKBˆ››ÙWÛ[Ù[\ËÞX[\ÝŽˆÃBˆ™\œÚ[ÛˆŽˆŒËŒKŒH‹Bˆœ™\ÛÛ™YŽˆšÎ‹ËÜ™YÚ\ÝžK›œZœË›Ü™ËÞX[\ÝËKÞX[\ÝLËŒKŒKÞˆ‹Bˆš[YÜš]HŽˆœÚMLL‹XMQÔXUÔN[SÖV[QÌ™]Û˜ÔTÍMÕŒÒ›ÐSJÜÌ•‘[TÎSœÒÎÜSÒÜÑ•ÚÒÍ•ÛÕS›ŒœÔ›ÖÏOH‹Bˆ›XÙ[œÙHŽˆ’TÐÈƒBˆKBˆ››ÙWÛ[Ù[\ËÞX\™ÜÈŽˆÃBˆ™\œÚ[ÛˆŽˆŒMËËŒÈ‹Bˆœ™\ÛÛ™YŽˆšÎ‹ËÜ™YÚ\ÝžK›œZœË›Ü™ËÞX\™ÜËËKÞX\™ÜËLMËËŒËÞˆ‹Bˆš[YÜš]HŽˆœÚMLL‹QÖžKÒ‹ÍÞSÑ“–ZÛSÝ•’]ËÜ•›RÔÒ^RÙVPVœRŒšYÎU˜]PÐÍ^ØN‘Ó’Õ’Ñ\\ÛŒÒÕž“›\•LÏOH‹Bˆ™]ˆŽˆYKBˆ›XÙ[œÙHŽˆ“RU‹Bˆ™\[™[˜ÚY\ÈŽˆÃBˆ˜Û]ZHŽˆ—ŽŒŒH‹Bˆ™\ØØ[YHŽˆ—ŒËŒKŒH‹Bˆ™Ù]XØ[\‹Yš[HŽˆ—Œ‹ŒH‹Bˆœ™\]Z\™KY\™XÝÜžHŽˆ—Œ‹ŒKŒH‹BˆœÝš[™Ë]ÚYŽˆ—Œ‹ŒÈ‹BˆžLNˆŽˆ—KŒH‹BˆžX\™ÜË\\œÙ\ˆŽˆ—ŒŒKŒKŒHƒBˆKBˆ™[™Ú[™\ÈŽˆÃBˆ››ÙHŽˆLLˆƒBˆCBˆKBˆ››ÙWÛ[Ù[\ËÞX\™ÜË\\œÙ\ˆŽˆÃBˆ™\œÚ[ÛˆŽˆŒŒKŒKŒH‹Bˆœ™\ÛÛ™YŽˆšÎ‹ËÜ™YÚ\ÝžK›œZœË›Ü™ËÞX\™ÜË\\œÙ\‹ËKÞX\™ÜË\\œÙ\‹LŒKŒKŒKÞˆ‹Bˆš[YÜš]HŽˆœÚMLL‹]œÒ•ÍÑ™XÐZQœ’PŒYLÜ^T\ÑM“›ÔÍKÙU˜˜’PÍœÕÚ›ØLÙÊÛL’Û’]Z’œÞ’•JÑÕ]XÌ‹ÓÏOH‹Bˆ™]ˆŽˆYKBˆ›XÙ[œÙHŽˆ’TÐÈ‹Bˆ™[™Ú[™\ÈŽˆÃBˆ››ÙHŽˆLLˆƒBˆCBˆKBˆ››ÙWÛ[Ù[\ËÞ[ØÝË\]Y]YHŽˆÃBˆ™\œÚ[ÛˆŽˆŒŒKŒ‹Bˆœ™\ÛÛ™YŽˆšÎ‹ËÜ™YÚ\ÝžK›œZœË›Ü™ËÞ[ØÝË\]Y]YKËKÞ[ØÝË\]Y]YKLŒKŒÞˆ‹Bˆš[YÜš]HŽˆœÚMLL‹\•šÜÝœÛ“Ù‹ÛÚØÍžÔÞSŽZPÞÚSN^QKÝÛSÕœR™]ÔSÌ[ZSZT™ÕÐÓ^YPQ•˜YÝÍÒS–Œ”OOH‹Bˆ™]ˆŽˆYKBˆ›XÙ[œÙHŽˆ“RU‹Bˆ™[™Ú[™\ÈŽˆÃBˆ››ÙHŽˆLLƒBˆKBˆ™[™[™ÈŽˆÃBˆ\›ŽˆšÎ‹ËÙÚ]X‹˜ÛÛKÜÜÛœÛÜœËÜÚ[™™\ÛÜš\ÈƒBˆCBˆKBˆ››ÙWÛ[Ù[\ËÞ›ÙŽˆÃBˆ™\œÚ[ÛˆŽˆŒËŒKÍˆ‹Bˆœ™\ÛÛ™YŽˆšÎ‹ËÜ™YÚ\ÝžK›œZœË›Ü™ËÞ›ÙËKÞ›ÙLËŒKÍ‹Þˆ‹Bˆš[YÜš]HŽˆœÚMLL‹YÞ•]Ü][–Ñ‘ÒÒQ˜ÐÌÖ[™‘P^SšÝ[Ù›‘P”ÔÑ”Ì˜˜ÖMYXLQ’U]Ø“ÞÔÙ\ÍT[Ø]Z’ØÓ”^ÔOOH‹Bˆ›XÙ[œÙHŽˆ“RU‹Bˆ™[™[™ÈŽˆÃBˆ\›ŽˆšÎ‹ËÙÚ]X‹˜ÛÛKÜÜÛœÛÜœËØÛÛ[šXÚÜÈƒBˆCBˆKBˆ››ÙWÛ[Ù[\ËÞÚ]ÚŽˆÃBˆ™\œÚ[ÛˆŽˆŒ‹Œ‹Bˆœ™\ÛÛ™YŽˆšÎ‹ËÜ™YÚ\ÝžK›œZœË›Ü™ËÞÚ]ÚËKÞÚ]ÚL‹ŒÞˆ‹Bˆš[YÜš]HŽˆœÚMLL‹X–MÔ‹ÚÕ–šÖ–Ôš”Y›RÕšU›[›ÕLÝ˜Ž\”QXÌ^JÞž–ŽQÙ•ÖŒÙNMÍÌMÕ‘›[Ô
ÐOOH‹Bˆ›XÙ[œÙHŽˆ“RU‹Bˆ™[™[™ÈŽˆÃBˆ\HŽˆ™Ú]Xˆ‹Bˆ\›ŽˆšÎ‹ËÙÚ]X‹˜ÛÛKÜÜÛœÛÜœËÝÛÛÛÜ›HƒBˆCBˆCBˆCBŸCB